
Microsoft Visual Studio Solution File, Format Version 12.00
# Visual Studio Version 17
VisualStudioVersion = 17.9.34723.18
MinimumVisualStudioVersion = 10.0.40219.1
Project("{FAE04EC0-301F-11D3-BF4B-00C04F79EFBC}") = "BlogSitesi", "BlogSitesi\BlogSitesi.csproj", "{66A59755-1408-4A02-926A-629F8EC1BB61}"
EndProject
Global
	GlobalSection(SolutionConfigurationPlatforms) = preSolution
		Debug|Any CPU = Debug|Any CPU
		Release|Any CPU = Release|Any CPU
	EndGlobalSection
	GlobalSection(ProjectConfigurationPlatforms) = postSolution
		{66A59755-1408-4A02-926A-629F8EC1BB61}.Debug|Any CPU.ActiveCfg = Debug|Any CPU
		{66A59755-1408-4A02-926A-629F8EC1BB61}.Debug|Any CPU.Build.0 = Debug|Any CPU
		{66A59755-1408-4A02-926A-629F8EC1BB61}.Release|Any CPU.ActiveCfg = Release|Any CPU
		{66A59755-1408-4A02-926A-629F8EC1BB61}.Release|Any CPU.Build.0 = Release|Any CPU
	EndGlobalSection
	GlobalSection(SolutionProperties) = preSolution
		HideSolutionNode = FALSE
	EndGlobalSection
	GlobalSection(ExtensibilityGlobals) = postSolution
		SolutionGuid = {B13BFD17-A165-44A5-B482-C470DC72F6DC}
	EndGlobalSection
EndGlobal
